
Microsoft Visual Studio Solution File, Format Version 12.00
# Visual Studio 15
VisualStudioVersion = 15.0.28307.757
MinimumVisualStudioVersion = 10.0.40219.1
Project("{F184B08F-C81C-45F6-A57F-5ABD9991F28F}") = "YouTubeDownloader", "YouTubeDownloader\YouTubeDownloader.vbproj", "{FECA2A97-3BC3-433C-A390-E2A25B5154B0}"
EndProject
Global
	GlobalSection(SolutionConfigurationPlatforms) = preSolution
		Debug|Any CPU = Debug|Any CPU
		Release|Any CPU = Release|Any CPU
	EndGlobalSection
	GlobalSection(ProjectConfigurationPlatforms) = postSolution
		{FECA2A97-3BC3-433C-A390-E2A25B5154B0}.Debug|Any CPU.ActiveCfg = Debug|Any CPU
		{FECA2A97-3BC3-433C-A390-E2A25B5154B0}.Debug|Any CPU.Build.0 = Debug|Any CPU
		{FECA2A97-3BC3-433C-A390-E2A25B5154B0}.Release|Any CPU.ActiveCfg = Release|Any CPU
		{FECA2A97-3BC3-433C-A390-E2A25B5154B0}.Release|Any CPU.Build.0 = Release|Any CPU
	EndGlobalSection
	GlobalSection(SolutionProperties) = preSolution
		HideSolutionNode = FALSE
	EndGlobalSection
	GlobalSection(ExtensibilityGlobals) = postSolution
		SolutionGuid = {79B72C97-F2A2-44A6-8CD5-A52599918F7B}
	EndGlobalSection
EndGlobal
